version = 1
revision = 3
requires-python = "==3.12.*"

[[package]]
name = "absl-py"
version = "2.4.0"
source = { registry = "https://pypi.org/simple" }
sdist = { url = "https://files.pythonhosted.org/packages/64/c7/8de93764ad66968d19329a7e0c147a2bb3c7054c554d4a119111b8f9440f/absl_py-2.4.0.tar.gz", hash = "sha256:8c6af82722b35cf71e0f4d1d47dcaebfff286e27110a99fc359349b247dfb5d4", size = 116543, upload-time = "2026-01-28T10:17:05.322Z" }
wheels = [
    { url = "https://files.pythonhosted.org/packages/18/a6/907a406bb7d359e6a63f99c313846d9eec4f7e6f7437809e03aa00fa3074/absl_py-2.4.0-py3-none-any.whl", hash = "sha256:88476fd881ca8aab94ffa78b7b6c632a782ab3ba1cd19c9bd423abc4fb4cd28d", size = 135750, upload-time = "2026-01-28T10:17:04.19Z" },
]

[[package]]
name = "array-record"
version = "0.8.3"
source = { registry = "https://pypi.org/simple" }
dependencies = [
    { name = "absl-py" },
    { name = "etils", extra = ["epath"] },
]
wheels = [
    { url = "https://files.pythonhosted.org/packages/44/ff/8238c28f9bfda365ba991fc2b8a566c71847fc5a2d0913158aeadafd4e63/array_record-0.8.3-cp312-cp312-macosx_11_0_arm64.whl", hash = "sha256:dada305fa0dfa3fd6f5f263c43ed37546f815e4f33ce30b066175384dead752e", size = 3989102, upload-time = "2025-11-13T16:15:33.845Z" },
    { url = "https://files.pythonhosted.org/packages/fb/67/4b4cd9891a36aec236e35688b47c44648bb645946e98653a7ad54f890128/array_record-0.8.3-cp312-cp312-manylinux2014_aarch64.manylinux_2_17_aarch64.whl", hash = "sha256:718403dc9a364519a5fc440ed9e2784077e965489d5a44c96970d3101101e1cd", size = 4838611, upload-time = "2025-11-13T16:15:35.016Z" },
    { url = "https://files.pythonhosted.org/packages/50/65/2f60b9ca59e5fce140be36f4136ebcc83385c9e56cd499e2942f9fb4b250/array_record-0.8.3-cp312-cp312-manylinux2014_x86_64.manylinux_2_17_x86_64.whl", hash = "sha256:458f6658de86c9369b23ffe64dcb31393a919b91ae2f15147ee2beb2010b122a", size = 4995925, upload-time = "2025-11-13T16:15:37.091Z" },
]

[[package]]
name = "colorama"
version = "0.4.6"
source = { registry = "https://pypi.org/simple" }
sdist = { url = "https://files.pythonhosted.org/packages/d8/53/6f443c9a4a8358a93a6792e2acffb9d9d5cb0a5cfd8802644b7b1c9a02e4/colorama-0.4.6.tar.gz", hash = "sha256:08695f5cb7ed6e0531a20572697297273c47b8cae5a63ffc6d6ed5c201be6e44", size = 27697, upload-time = "2022-10-25T02:36:22.414Z" }
wheels = [
    { url = "https://files.pythonhosted.org/packages/d1/d6/3965ed04c63042e047cb6a3e6ed1a63a35087b6a609aa3a15ed8ac56c221/colorama-0.4.6-py2.py3-none-any.whl", hash = "sha256:4f1d9991f5acc0ca119f9d443620b77f9d6b33703e51011c16baf57afb285fc6", size = 25335, upload-time = "2022-10-25T02:36:20.889Z" },
]

[[package]]
name = "docstring-parser"
version = "0.17.0"
source = { registry = "https://pypi.org/simple" }
sdist = { url = "https://files.pythonhosted.org/packages/b2/9d/c3b43da9515bd270df0f80548d9944e389870713cc1fe2b8fb35fe2bcefd/docstring_parser-0.17.0.tar.gz", hash = "sha256:583de4a309722b3315439bb31d64ba3eebada841f2e2cee23b99df001434c912", size = 27442, upload-time = "2025-07-21T07:35:01.868Z" }
wheels = [
    { url = "https://files.pythonhosted.org/packages/55/e2/2537ebcff11c1ee1ff17d8d0b6f4db75873e3b0fb32c2d4a2ee31ecb310a/docstring_parser-0.17.0-py3-none-any.whl", hash = "sha256:cf2569abd23dce8099b300f9b4fa8191e9582dda731fd533daf54c4551658708", size = 36896, upload-time = "2025-07-21T07:35:00.684Z" },
]

[[package]]
name = "etils"
version = "1.13.0"
source = { registry = "https://pypi.org/simple" }
sdist = { url = "https://files.pythonhosted.org/packages/9b/a0/522bbff0f3cdd37968f90dd7f26c7aa801ed87f5ba335f156de7f2b88a48/etils-1.13.0.tar.gz", hash = "sha256:a5b60c71f95bcd2d43d4e9fb3dc3879120c1f60472bb5ce19f7a860b1d44f607", size = 106368, upload-time = "2025-07-15T10:29:10.563Z" }
wheels = [
    { url = "https://files.pythonhosted.org/packages/e7/98/87b5946356095738cb90a6df7b35ff69ac5750f6e783d5fbcc5cb3b6cbd7/etils-1.13.0-py3-none-any.whl", hash = "sha256:d9cd4f40fbe77ad6613b7348a18132cc511237b6c076dbb89105c0b520a4c6bb", size = 170603, upload-time = "2025-07-15T10:29:09.076Z" },
]

[package.optional-dependencies]
epath = [
    { name = "fsspec" },
    { name = "importlib-resources" },
    { name = "typing-extensions" },
    { name = "zipp" },
]

[[package]]
name = "ffmpeg-python"
version = "0.2.0"
source = { registry = "https://pypi.org/simple" }
dependencies = [
    { name = "future" },
]
sdist = { url = "https://files.pythonhosted.org/packages/dd/5e/d5f9105d59c1325759d838af4e973695081fbbc97182baf73afc78dec266/ffmpeg-python-0.2.0.tar.gz", hash = "sha256:65225db34627c578ef0e11c8b1eb528bb35e024752f6f10b78c011f6f64c4127", size = 21543, upload-time = "2019-07-06T00:19:08.989Z" }
wheels = [
    { url = "https://files.pythonhosted.org/packages/d7/0c/56be52741f75bad4dc6555991fabd2e07b432d333da82c11ad701123888a/ffmpeg_python-0.2.0-py3-none-any.whl", hash = "sha256:ac441a0404e053f8b6a1113a77c0f452f1cfc62f6344a769475ffdc0f56c23c5", size = 25024, upload-time = "2019-07-06T00:19:07.215Z" },
]

[[package]]
name = "fsspec"
version = "2026.2.0"
source = { registry = "https://pypi.org/simple" }
sdist = { url = "https://files.pythonhosted.org/packages/51/7c/f60c259dcbf4f0c47cc4ddb8f7720d2dcdc8888c8e5ad84c73ea4531cc5b/fsspec-2026.2.0.tar.gz", hash = "sha256:6544e34b16869f5aacd5b90bdf1a71acb37792ea3ddf6125ee69a22a53fb8bff", size = 313441, upload-time = "2026-02-05T21:50:53.743Z" }
wheels = [
    { url = "https://files.pythonhosted.org/packages/e6/ab/fb21f4c939bb440104cc2b396d3be1d9b7a9fd3c6c2a53d98c45b3d7c954/fsspec-2026.2.0-py3-none-any.whl", hash = "sha256:98de475b5cb3bd66bedd5c4679e87b4fdfe1a3bf4d707b151b3c07e58c9a2437", size = 202505, upload-time = "2026-02-05T21:50:51.819Z" },
]

[[package]]
name = "future"
version = "1.0.0"
source = { registry = "https://pypi.org/simple" }
sdist = { url = "https://files.pythonhosted.org/packages/a7/b2/4140c69c6a66432916b26158687e821ba631a4c9273c474343badf84d3ba/future-1.0.0.tar.gz", hash = "sha256:bd2968309307861edae1458a4f8a4f3598c03be43b97521076aebf5d94c07b05", size = 1228490, upload-time = "2024-02-21T11:52:38.461Z" }
wheels = [
    { url = "https://files.pythonhosted.org/packages/da/71/ae30dadffc90b9006d77af76b393cb9dfbfc9629f339fc1574a1c52e6806/future-1.0.0-py3-none-any.whl", hash = "sha256:929292d34f5872e70396626ef385ec22355a1fae8ad29e1a734c3e43f9fbc216", size = 491326, upload-time = "2024-02-21T11:52:35.956Z" },
]

[[package]]
name = "importlib-resources"
version = "6.5.2"
source = { registry = "https://pypi.org/simple" }
sdist = { url = "https://files.pythonhosted.org/packages/cf/8c/f834fbf984f691b4f7ff60f50b514cc3de5cc08abfc3295564dd89c5e2e7/importlib_resources-6.5.2.tar.gz", hash = "sha256:185f87adef5bcc288449d98fb4fba07cea78bc036455dd44c5fc4a2fe78fed2c", size = 44693, upload-time = "2025-01-03T18:51:56.698Z" }
wheels = [
    { url = "https://files.pythonhosted.org/packages/a4/ed/1f1afb2e9e7f38a545d628f864d562a5ae64fe6f7a10e28ffb9b185b4e89/importlib_resources-6.5.2-py3-none-any.whl", hash = "sha256:789cfdc3ed28c78b67a06acb8126751ced69a3d5f79c095a98298cd8a760ccec", size = 37461, upload-time = "2025-01-03T18:51:54.306Z" },
]

[[package]]
name = "msgpack"
version = "1.1.2"
source = { registry = "https://pypi.org/simple" }
sdist = { url = "https://files.pythonhosted.org/packages/4d/f2/bfb55a6236ed8725a96b0aa3acbd0ec17588e6a2c3b62a93eb513ed8783f/msgpack-1.1.2.tar.gz", hash = "sha256:3b60763c1373dd60f398488069bcdc703cd08a711477b5d480eecc9f9626f47e", size = 173581, upload-time = "2025-10-08T09:15:56.596Z" }
wheels = [
    { url = "https://files.pythonhosted.org/packages/ad/bd/8b0d01c756203fbab65d265859749860682ccd2a59594609aeec3a144efa/msgpack-1.1.2-cp312-cp312-macosx_10_13_x86_64.whl", hash = "sha256:70a0dff9d1f8da25179ffcf880e10cf1aad55fdb63cd59c9a49a1b82290062aa", size = 81939, upload-time = "2025-10-08T09:15:01.472Z" },
    { url = "https://files.pythonhosted.org/packages/34/68/ba4f155f793a74c1483d4bdef136e1023f7bcba557f0db4ef3db3c665cf1/msgpack-1.1.2-cp312-cp312-macosx_11_0_arm64.whl", hash = "sha256:446abdd8b94b55c800ac34b102dffd2f6aa0ce643c55dfc017ad89347db3dbdb", size = 85064, upload-time = "2025-10-08T09:15:03.764Z" },
    { url = "https://files.pythonhosted.org/packages/f2/60/a064b0345fc36c4c3d2c743c82d9100c40388d77f0b48b2f04d6041dbec1/msgpack-1.1.2-cp312-cp312-manylinux2014_aarch64.manylinux_2_17_aarch64.manylinux_2_28_aarch64.whl", hash = "sha256:c63eea553c69ab05b6747901b97d620bb2a690633c77f23feb0c6a947a8a7b8f", size = 417131, upload-time = "2025-10-08T09:15:05.136Z" },
    { url = "https://files.pythonhosted.org/packages/65/92/a5100f7185a800a5d29f8d14041f61475b9de465ffcc0f3b9fba606e4505/msgpack-1.1.2-cp312-cp312-manylinux2014_x86_64.manylinux_2_17_x86_64.manylinux_2_28_x86_64.whl", hash = "sha256:372839311ccf6bdaf39b00b61288e0557916c3729529b301c52c2d88842add42", size = 427556, upload-time = "2025-10-08T09:15:06.837Z" },
    { url = "https://files.pythonhosted.org/packages/f5/87/ffe21d1bf7d9991354ad93949286f643b2bb6ddbeab66373922b44c3b8cc/msgpack-1.1.2-cp312-cp312-musllinux_1_2_aarch64.whl", hash = "sha256:2929af52106ca73fcb28576218476ffbb531a036c2adbcf54a3664de124303e9", size = 404920, upload-time = "2025-10-08T09:15:08.179Z" },
    { url = "https://files.pythonhosted.org/packages/ff/41/8543ed2b8604f7c0d89ce066f42007faac1eaa7d79a81555f206a5cdb889/msgpack-1.1.2-cp312-cp312-musllinux_1_2_x86_64.whl", hash = "sha256:be52a8fc79e45b0364210eef5234a7cf8d330836d0a64dfbb878efa903d84620", size = 415013, upload-time = "2025-10-08T09:15:09.83Z" },
    { url = "https://files.pythonhosted.org/packages/41/0d/2ddfaa8b7e1cee6c490d46cb0a39742b19e2481600a7a0e96537e9c22f43/msgpack-1.1.2-cp312-cp312-win32.whl", hash = "sha256:1fff3d825d7859ac888b0fbda39a42d59193543920eda9d9bea44d958a878029", size = 65096, upload-time = "2025-10-08T09:15:11.11Z" },
    { url = "https://files.pythonhosted.org/packages/8c/ec/d431eb7941fb55a31dd6ca3404d41fbb52d99172df2e7707754488390910/msgpack-1.1.2-cp312-cp312-win_amd64.whl", hash = "sha256:1de460f0403172cff81169a30b9a92b260cb809c4cb7e2fc79ae8d0510c78b6b", size = 72708, upload-time = "2025-10-08T09:15:12.554Z" },
    { url = "https://files.pythonhosted.org/packages/c5/31/5b1a1f70eb0e87d1678e9624908f86317787b536060641d6798e3cf70ace/msgpack-1.1.2-cp312-cp312-win_arm64.whl", hash = "sha256:be5980f3ee0e6bd44f3a9e9dea01054f175b50c3e6cdb692bc9424c0bbb8bf69", size = 64119, upload-time = "2025-10-08T09:15:13.589Z" },
]

[[package]]
name = "numpy"
version = "2.4.2"
source = { registry = "https://pypi.org/simple" }
sdist = { url = "https://files.pythonhosted.org/packages/57/fd/0005efbd0af48e55eb3c7208af93f2862d4b1a56cd78e84309a2d959208d/numpy-2.4.2.tar.gz", hash = "sha256:659a6107e31a83c4e33f763942275fd278b21d095094044eb35569e86a21ddae", size = 20723651, upload-time = "2026-01-31T23:13:10.135Z" }
wheels = [
    { url = "https://files.pythonhosted.org/packages/51/6e/6f394c9c77668153e14d4da83bcc247beb5952f6ead7699a1a2992613bea/numpy-2.4.2-cp312-cp312-macosx_10_13_x86_64.whl", hash = "sha256:21982668592194c609de53ba4933a7471880ccbaadcc52352694a59ecc860b3a", size = 16667963, upload-time = "2026-01-31T23:10:52.147Z" },
    { url = "https://files.pythonhosted.org/packages/1f/f8/55483431f2b2fd015ae6ed4fe62288823ce908437ed49db5a03d15151678/numpy-2.4.2-cp312-cp312-macosx_11_0_arm64.whl", hash = "sha256:40397bda92382fcec844066efb11f13e1c9a3e2a8e8f318fb72ed8b6db9f60f1", size = 14693571, upload-time = "2026-01-31T23:10:54.789Z" },
    { url = "https://files.pythonhosted.org/packages/2f/20/18026832b1845cdc82248208dd929ca14c9d8f2bac391f67440707fff27c/numpy-2.4.2-cp312-cp312-macosx_14_0_arm64.whl", hash = "sha256:b3a24467af63c67829bfaa61eecf18d5432d4f11992688537be59ecd6ad32f5e", size = 5203469, upload-time = "2026-01-31T23:10:57.343Z" },
    { url = "https://files.pythonhosted.org/packages/7d/33/2eb97c8a77daaba34eaa3fa7241a14ac5f51c46a6bd5911361b644c4a1e2/numpy-2.4.2-cp312-cp312-macosx_14_0_x86_64.whl", hash = "sha256:805cc8de9fd6e7a22da5aed858e0ab16be5a4db6c873dde1d7451c541553aa27", size = 6550820, upload-time = "2026-01-31T23:10:59.429Z" },
    { url = "https://files.pythonhosted.org/packages/b1/91/b97fdfd12dc75b02c44e26c6638241cc004d4079a0321a69c62f51470c4c/numpy-2.4.2-cp312-cp312-manylinux_2_27_aarch64.manylinux_2_28_aarch64.whl", hash = "sha256:6d82351358ffbcdcd7b686b90742a9b86632d6c1c051016484fa0b326a0a1548", size = 15663067, upload-time = "2026-01-31T23:11:01.291Z" },
    { url = "https://files.pythonhosted.org/packages/f5/c6/a18e59f3f0b8071cc85cbc8d80cd02d68aa9710170b2553a117203d46936/numpy-2.4.2-cp312-cp312-manylinux_2_27_x86_64.manylinux_2_28_x86_64.whl", hash = "sha256:9e35d3e0144137d9fdae62912e869136164534d64a169f86438bc9561b6ad49f", size = 16619782, upload-time = "2026-01-31T23:11:03.669Z" },
    { url = "https://files.pythonhosted.org/packages/b7/83/9751502164601a79e18847309f5ceec0b1446d7b6aa12305759b72cf98b2/numpy-2.4.2-cp312-cp312-musllinux_1_2_aarch64.whl", hash = "sha256:adb6ed2ad29b9e15321d167d152ee909ec73395901b70936f029c3bc6d7f4460", size = 17013128, upload-time = "2026-01-31T23:11:05.913Z" },
    { url = "https://files.pythonhosted.org/packages/61/c4/c4066322256ec740acc1c8923a10047818691d2f8aec254798f3dd90f5f2/numpy-2.4.2-cp312-cp312-musllinux_1_2_x86_64.whl", hash = "sha256:8906e71fd8afcb76580404e2a950caef2685df3d2a57fe82a86ac8d33cc007ba", size = 18345324, upload-time = "2026-01-31T23:11:08.248Z" },
    { url = "https://files.pythonhosted.org/packages/ab/af/6157aa6da728fa4525a755bfad486ae7e3f76d4c1864138003eb84328497/numpy-2.4.2-cp312-cp312-win32.whl", hash = "sha256:ec055f6dae239a6299cace477b479cca2fc125c5675482daf1dd886933a1076f", size = 5960282, upload-time = "2026-01-31T23:11:10.497Z" },
    { url = "https://files.pythonhosted.org/packages/92/0f/7ceaaeaacb40567071e94dbf2c9480c0ae453d5bb4f52bea3892c39dc83c/numpy-2.4.2-cp312-cp312-win_amd64.whl", hash = "sha256:209fae046e62d0ce6435fcfe3b1a10537e858249b3d9b05829e2a05218296a85", size = 12314210, upload-time = "2026-01-31T23:11:12.176Z" },
    { url = "https://files.pythonhosted.org/packages/2f/a3/56c5c604fae6dd40fa2ed3040d005fca97e91bd320d232ac9931d77ba13c/numpy-2.4.2-cp312-cp312-win_arm64.whl", hash = "sha256:fbde1b0c6e81d56f5dccd95dd4a711d9b95df1ae4009a60887e56b27e8d903fa", size = 10220171, upload-time = "2026-01-31T23:11:14.684Z" },
]

[[package]]
name = "idm-data"
version = "0.1.0"
source = { editable = "." }
dependencies = [
    { name = "array-record" },
    { name = "ffmpeg-python" },
    { name = "msgpack" },
    { name = "numpy" },
    { name = "tqdm" },
    { name = "tyro" },
]

[package.metadata]
requires-dist = [
    { name = "array-record", specifier = ">=0.7.2" },
    { name = "ffmpeg-python", specifier = "==0.2.0" },
    { name = "msgpack", specifier = ">=1.0.8" },
    { name = "numpy" },
    { name = "tqdm", specifier = ">=4.67.1" },
    { name = "tyro", specifier = ">=0.8.5" },
]

[[package]]
name = "tqdm"
version = "4.67.3"
source = { registry = "https://pypi.org/simple" }
dependencies = [
    { name = "colorama", marker = "sys_platform == 'win32'" },
]
sdist = { url = "https://files.pythonhosted.org/packages/09/a9/6ba95a270c6f1fbcd8dac228323f2777d886cb206987444e4bce66338dd4/tqdm-4.67.3.tar.gz", hash = "sha256:7d825f03f89244ef73f1d4ce193cb1774a8179fd96f31d7e1dcde62092b960bb", size = 169598, upload-time = "2026-02-03T17:35:53.048Z" }
wheels = [
    { url = "https://files.pythonhosted.org/packages/16/e1/3079a9ff9b8e11b846c6ac5c8b5bfb7ff225eee721825310c91b3b50304f/tqdm-4.67.3-py3-none-any.whl", hash = "sha256:ee1e4c0e59148062281c49d80b25b67771a127c85fc9676d3be5f243206826bf", size = 78374, upload-time = "2026-02-03T17:35:50.982Z" },
]

[[package]]
name = "typeguard"
version = "4.5.0"
source = { registry = "https://pypi.org/simple" }
dependencies = [
    { name = "typing-extensions" },
]
sdist = { url = "https://files.pythonhosted.org/packages/7e/ec/adfe3dd6b5f7c5fc0b3cecdf6f893f1756dbd23cf749cd1ae49db069414f/typeguard-4.5.0.tar.gz", hash = "sha256:749bea21cdb2553e12831bc29f1eae980b22c7de8331ab67ae7db9e85470b5a7", size = 79993, upload-time = "2026-02-15T00:24:25.244Z" }
wheels = [
    { url = "https://files.pythonhosted.org/packages/d4/35/7541d1f046491fac8ce05d543d3f0de0af02086ad864dd3a23535ec703b9/typeguard-4.5.0-py3-none-any.whl", hash = "sha256:cfda388fc88a9ce42a41890900d6f31ee124bea9b73bb84701a32438e92165c3", size = 36724, upload-time = "2026-02-15T00:24:23.581Z" },
]

[[package]]
name = "typing-extensions"
version = "4.15.0"
source = { registry = "https://pypi.org/simple" }
sdist = { url = "https://files.pythonhosted.org/packages/72/94/1a15dd82efb362ac84269196e94cf00f187f7ed21c242792a923cdb1c61f/typing_extensions-4.15.0.tar.gz", hash = "sha256:0cea48d173cc12fa28ecabc3b837ea3cf6f38c6d1136f85cbaaf598984861466", size = 109391, upload-time = "2025-08-25T13:49:26.313Z" }
wheels = [
    { url = "https://files.pythonhosted.org/packages/18/67/36e9267722cc04a6b9f15c7f3441c2363321a3ea07da7ae0c0707beb2a9c/typing_extensions-4.15.0-py3-none-any.whl", hash = "sha256:f0fa19c6845758ab08074a0cfa8b7aecb71c999ca73d62883bc25cc018c4e548", size = 44614, upload-time = "2025-08-25T13:49:24.86Z" },
]

[[package]]
name = "tyro"
version = "1.0.6"
source = { registry = "https://pypi.org/simple" }
dependencies = [
    { name = "docstring-parser" },
    { name = "typeguard" },
    { name = "typing-extensions" },
]
sdist = { url = "https://files.pythonhosted.org/packages/a3/2d/c733d7a9459bf5bfe505182dae172d736c6e168225d84dabd341345cedbc/tyro-1.0.6.tar.gz", hash = "sha256:691976f70703ef0153cb6107c4ac418d558d0dd774137dd9b6420b9cf4dd8aee", size = 454440, upload-time = "2026-02-05T12:23:01.538Z" }
wheels = [
    { url = "https://files.pythonhosted.org/packages/a7/f9/56b0cb8c5c287c7eec02735cce74a4c25cc56d6817bab7edde6f32b024a3/tyro-1.0.6-py3-none-any.whl", hash = "sha256:43a6c63419e8c14c3c21981b2614a583b5d14d0bb1300d7c7f328bec0f46cd37", size = 181300, upload-time = "2026-02-05T12:22:59.833Z" },
]

[[package]]
name = "zipp"
version = "3.23.0"
source = { registry = "https://pypi.org/simple" }
sdist = { url = "https://files.pythonhosted.org/packages/e3/02/0f2892c661036d50ede074e376733dca2ae7c6eb617489437771209d4180/zipp-3.23.0.tar.gz", hash = "sha256:a07157588a12518c9d4034df3fbbee09c814741a33ff63c05fa29d26a2404166", size = 25547, upload-time = "2025-06-08T17:06:39.4Z" }
wheels = [
    { url = "https://files.pythonhosted.org/packages/2e/54/647ade08bf0db230bfea292f893923872fd20be6ac6f53b2b936ba839d75/zipp-3.23.0-py3-none-any.whl", hash = "sha256:071652d6115ed432f5ce1d34c336c0adfd6a884660d1e9712a256d3d3bd4b14e", size = 10276, upload-time = "2025-06-08T17:06:38.034Z" },
]
